
Microsoft Visual Studio Solution File, Format Version 12.00
# Visual Studio Version 16
VisualStudioVersion = 16.0.31025.218
MinimumVisualStudioVersion = 10.0.40219.1
Project("{9A19103F-16F7-4668-BE54-9A1E7A4F7556}") = "dotVariant", "dotVariant\dotVariant.csproj", "{B14D1B4F-EA99-4937-90C6-235AD8FB7251}"
EndProject
Project("{9A19103F-16F7-4668-BE54-9A1E7A4F7556}") = "dotVariant.Generator", "dotVariant.Generator\dotVariant.Generator.csproj", "{47F5EF14-CC7C-4EA6-B45C-D4EB9FC087A1}"
EndProject
Project("{9A19103F-16F7-4668-BE54-9A1E7A4F7556}") = "dotVariant.Generator.Test", "dotVariant.Generator.Test\dotVariant.Generator.Test.csproj", "{F99E1291-6C02-48F6-924D-8173ED27F29F}"
EndProject
Project("{9A19103F-16F7-4668-BE54-9A1E7A4F7556}") = "dotVariant.Test", "dotVariant.Test\dotVariant.Test.csproj", "{3CB5C06E-A18E-4DB8-9F58-E9913D4997B4}"
EndProject
Project("{2150E333-8FDC-42A3-9474-1A3956D46DE8}") = "Solution Items", "Solution Items", "{FA137B90-672C-4F2D-ABD5-FF75F5CC3E9F}"
	ProjectSection(SolutionItems) = preProject
		Directory.Build.props = Directory.Build.props
	EndProjectSection
EndProject
Project("{9A19103F-16F7-4668-BE54-9A1E7A4F7556}") = "dotVariant.Runtime", "dotVariant.Runtime\dotVariant.Runtime.csproj", "{4D754A47-95CE-4279-BA69-59D7EF484106}"
EndProject
Global
	GlobalSection(SolutionConfigurationPlatforms) = preSolution
		Debug|Any CPU = Debug|Any CPU
		Release|Any CPU = Release|Any CPU
	EndGlobalSection
	GlobalSection(ProjectConfigurationPlatforms) = postSolution
		{B14D1B4F-EA99-4937-90C6-235AD8FB7251}.Debug|Any CPU.ActiveCfg = Debug|Any CPU
		{B14D1B4F-EA99-4937-90C6-235AD8FB7251}.Debug|Any CPU.Build.0 = Debug|Any CPU
		{B14D1B4F-EA99-4937-90C6-235AD8FB7251}.Release|Any CPU.ActiveCfg = Release|Any CPU
		{B14D1B4F-EA99-4937-90C6-235AD8FB7251}.Release|Any CPU.Build.0 = Release|Any CPU
		{47F5EF14-CC7C-4EA6-B45C-D4EB9FC087A1}.Debug|Any CPU.ActiveCfg = Debug|Any CPU
		{47F5EF14-CC7C-4EA6-B45C-D4EB9FC087A1}.Debug|Any CPU.Build.0 = Debug|Any CPU
		{47F5EF14-CC7C-4EA6-B45C-D4EB9FC087A1}.Release|Any CPU.ActiveCfg = Release|Any CPU
		{47F5EF14-CC7C-4EA6-B45C-D4EB9FC087A1}.Release|Any CPU.Build.0 = Release|Any CPU
		{F99E1291-6C02-48F6-924D-8173ED27F29F}.Debug|Any CPU.ActiveCfg = Debug|Any CPU
		{F99E1291-6C02-48F6-924D-8173ED27F29F}.Debug|Any CPU.Build.0 = Debug|Any CPU
		{F99E1291-6C02-48F6-924D-8173ED27F29F}.Release|Any CPU.ActiveCfg = Release|Any CPU
		{F99E1291-6C02-48F6-924D-8173ED27F29F}.Release|Any CPU.Build.0 = Release|Any CPU
		{3CB5C06E-A18E-4DB8-9F58-E9913D4997B4}.Debug|Any CPU.ActiveCfg = Debug|Any CPU
		{3CB5C06E-A18E-4DB8-9F58-E9913D4997B4}.Debug|Any CPU.Build.0 = Debug|Any CPU
		{3CB5C06E-A18E-4DB8-9F58-E9913D4997B4}.Release|Any CPU.ActiveCfg = Release|Any CPU
		{3CB5C06E-A18E-4DB8-9F58-E9913D4997B4}.Release|Any CPU.Build.0 = Release|Any CPU
		{4D754A47-95CE-4279-BA69-59D7EF484106}.Debug|Any CPU.ActiveCfg = Debug|Any CPU
		{4D754A47-95CE-4279-BA69-59D7EF484106}.Debug|Any CPU.Build.0 = Debug|Any CPU
		{4D754A47-95CE-4279-BA69-59D7EF484106}.Release|Any CPU.ActiveCfg = Release|Any CPU
		{4D754A47-95CE-4279-BA69-59D7EF484106}.Release|Any CPU.Build.0 = Release|Any CPU
	EndGlobalSection
	GlobalSection(SolutionProperties) = preSolution
		HideSolutionNode = FALSE
	EndGlobalSection
	GlobalSection(ExtensibilityGlobals) = postSolution
		SolutionGuid = {5601C60A-02E6-42A8-B802-79FCCC6CD6C3}
	EndGlobalSection
EndGlobal
